// !$*UTF8*$!
{
	archiveVersion = 1;
	classes = {
	};
	objectVersion = 46;
	objects = {

/* Begin PBXBuildFile section */
		C226046E1844FBEC00F5B2F3 /* MainViewController.m in Sources */ = {isa = PBXBuildFile; fileRef = C226046D1844FBEC00F5B2F3 /* MainViewController.m */; };
		C22604701844FD4B00F5B2F3 /* three-bars.png in Resources */ = {isa = PBXBuildFile; fileRef = C226046F1844FD4B00F5B2F3 /* three-bars.png */; };
		C22604721844FD5200F5B2F3 /* threebars.png in Resources */ = {isa = PBXBuildFile; fileRef = C22604711844FD5200F5B2F3 /* threebars.png */; };
		C22604751845191600F5B2F3 /* LeftToRightSegue.m in Sources */ = {isa = PBXBuildFile; fileRef = C22604741845191600F5B2F3 /* LeftToRightSegue.m */; };
		C226047D1845299700F5B2F3 /* SavedUsersViewController.m in Sources */ = {isa = PBXBuildFile; fileRef = C226047C1845299700F5B2F3 /* SavedUsersViewController.m */; };
		C2260480184546EB00F5B2F3 /* SettingsTableViewController.m in Sources */ = {isa = PBXBuildFile; fileRef = C226047F184546EB00F5B2F3 /* SettingsTableViewController.m */; };
		C2297ABF183E815C007D6B6E /* Foundation.framework in Frameworks */ = {isa = PBXBuildFile; fileRef = C2297ABE183E815C007D6B6E /* Foundation.framework */; };
		C2297AC1183E815C007D6B6E /* CoreGraphics.framework in Frameworks */ = {isa = PBXBuildFile; fileRef = C2297AC0183E815C007D6B6E /* CoreGraphics.framework */; };
		C2297AC3183E815C007D6B6E /* UIKit.framework in Frameworks */ = {isa = PBXBuildFile; fileRef = C2297AC2183E815C007D6B6E /* UIKit.framework */; };
		C2297AC9183E815C007D6B6E /* InfoPlist.strings in Resources */ = {isa = PBXBuildFile; fileRef = C2297AC7183E815C007D6B6E /* InfoPlist.strings */; };
		C2297ACB183E815C007D6B6E /* main.m in Sources */ = {isa = PBXBuildFile; fileRef = C2297ACA183E815C007D6B6E /* main.m */; };
		C2297ACF183E815C007D6B6E /* AppDelegate.m in Sources */ = {isa = PBXBuildFile; fileRef = C2297ACE183E815C007D6B6E /* AppDelegate.m */; };
		C2297AD2183E815C007D6B6E /* Main.storyboard in Resources */ = {isa = PBXBuildFile; fileRef = C2297AD0183E815C007D6B6E /* Main.storyboard */; };
		C2297AD7183E815C007D6B6E /* Images.xcassets in Resources */ = {isa = PBXBuildFile; fileRef = C2297AD6183E815C007D6B6E /* Images.xcassets */; };
		C2297ADE183E815D007D6B6E /* XCTest.framework in Frameworks */ = {isa = PBXBuildFile; fileRef = C2297ADD183E815D007D6B6E /* XCTest.framework */; };
		C2297ADF183E815D007D6B6E /* Foundation.framework in Frameworks */ = {isa = PBXBuildFile; fileRef = C2297ABE183E815C007D6B6E /* Foundation.framework */; };
		C2297AE0183E815D007D6B6E /* UIKit.framework in Frameworks */ = {isa = PBXBuildFile; fileRef = C2297AC2183E815C007D6B6E /* UIKit.framework */; };
		C2297AE8183E815D007D6B6E /* InfoPlist.strings in Resources */ = {isa = PBXBuildFile; fileRef = C2297AE6183E815D007D6B6E /* InfoPlist.strings */; };
		C2297AEA183E815D007D6B6E /* RememberMyNameTests.m in Sources */ = {isa = PBXBuildFile; fileRef = C2297AE9183E815D007D6B6E /* RememberMyNameTests.m */; };
		C2297AF8183EA4BA007D6B6E /* AudioToolbox.framework in Frameworks */ = {isa = PBXBuildFile; fileRef = C2297AF7183EA4BA007D6B6E /* AudioToolbox.framework */; };
		C2297AFA183EA4C2007D6B6E /* CFNetwork.framework in Frameworks */ = {isa = PBXBuildFile; fileRef = C2297AF9183EA4C2007D6B6E /* CFNetwork.framework */; };
		C2297AFC183EA4D2007D6B6E /* CoreLocation.framework in Frameworks */ = {isa = PBXBuildFile; fileRef = C2297AFB183EA4D2007D6B6E /* CoreLocation.framework */; };
		C2297AFE183EA4DD007D6B6E /* libz.1.1.3.dylib in Frameworks */ = {isa = PBXBuildFile; fileRef = C2297AFD183EA4DD007D6B6E /* libz.1.1.3.dylib */; };
		C2297B00183EA4E5007D6B6E /* MobileCoreServices.framework in Frameworks */ = {isa = PBXBuildFile; fileRef = C2297AFF183EA4E5007D6B6E /* MobileCoreServices.framework */; };
		C2297B02183EA4EC007D6B6E /* QuartzCore.framework in Frameworks */ = {isa = PBXBuildFile; fileRef = C2297B01183EA4EC007D6B6E /* QuartzCore.framework */; };
		C2297B04183EA4F4007D6B6E /* Security.framework in Frameworks */ = {isa = PBXBuildFile; fileRef = C2297B03183EA4F4007D6B6E /* Security.framework */; };
		C2297B06183EA4FC007D6B6E /* StoreKit.framework in Frameworks */ = {isa = PBXBuildFile; fileRef = C2297B05183EA4FC007D6B6E /* StoreKit.framework */; };
		C2297B08183EA506007D6B6E /* SystemConfiguration.framework in Frameworks */ = {isa = PBXBuildFile; fileRef = C2297B07183EA506007D6B6E /* SystemConfiguration.framework */; };
		C2297B0B183EAB70007D6B6E /* SplashScreenViewController.m in Sources */ = {isa = PBXBuildFile; fileRef = C2297B0A183EAB70007D6B6E /* SplashScreenViewController.m */; };
		C2297B0E183EAD29007D6B6E /* LoginViewController.m in Sources */ = {isa = PBXBuildFile; fileRef = C2297B0D183EAD29007D6B6E /* LoginViewController.m */; };
		C2297B11183EB4F0007D6B6E /* NewAccountViewController.m in Sources */ = {isa = PBXBuildFile; fileRef = C2297B10183EB4F0007D6B6E /* NewAccountViewController.m */; };
		C2F3E5FB183EC884004583D2 /* Parse.framework in Frameworks */ = {isa = PBXBuildFile; fileRef = C2F3E5FA183EC884004583D2 /* Parse.framework */; };
		C2F3E5FE183ECCFC004583D2 /* CollectionViewCell.m in Sources */ = {isa = PBXBuildFile; fileRef = C2F3E5FD183ECCFC004583D2 /* CollectionViewCell.m */; };
		C2FB56751846A3B500F8BB81 /* MyProfileTableViewController.m in Sources */ = {isa = PBXBuildFile; fileRef = C2FB56741846A3B500F8BB81 /* MyProfileTableViewController.m */; };
		C2FB56771846A8BC00F8BB81 /* defaultPicture.png in Resources */ = {isa = PBXBuildFile; fileRef = C2FB56761846A8BC00F8BB81 /* defaultPicture.png */; };
/* End PBXBuildFile section */

/* Begin PBXContainerItemProxy section */
		C2297AE1183E815D007D6B6E /* PBXContainerItemProxy */ = {
			isa = PBXContainerItemProxy;
			containerPortal = C2297AB3183E815C007D6B6E /* Project object */;
			proxyType = 1;
			remoteGlobalIDString = C2297ABA183E815C007D6B6E;
			remoteInfo = RememberMyName;
		};
/* End PBXContainerItemProxy section */

/* Begin PBXFileReference section */
		C226046C1844FBEC00F5B2F3 /* MainViewController.h */ = {isa = PBXFileReference; fileEncoding = 4; lastKnownFileType = sourcecode.c.h; path = MainViewController.h; sourceTree = "<group>"; };
		C226046D1844FBEC00F5B2F3 /* MainViewController.m */ = {isa = PBXFileReference; fileEncoding = 4; lastKnownFileType = sourcecode.c.objc; path = MainViewController.m; sourceTree = "<group>"; };
		C226046F1844FD4B00F5B2F3 /* three-bars.png */ = {isa = PBXFileReference; lastKnownFileType = image.png; path = "three-bars.png"; sourceTree = "<group>"; };
		C22604711844FD5200F5B2F3 /* threebars.png */ = {isa = PBXFileReference; lastKnownFileType = image.png; path = threebars.png; sourceTree = "<group>"; };
		C22604731845191600F5B2F3 /* LeftToRightSegue.h */ = {isa = PBXFileReference; fileEncoding = 4; lastKnownFileType = sourcecode.c.h; path = LeftToRightSegue.h; sourceTree = "<group>"; };
		C22604741845191600F5B2F3 /* LeftToRightSegue.m */ = {isa = PBXFileReference; fileEncoding = 4; lastKnownFileType = sourcecode.c.objc; path = LeftToRightSegue.m; sourceTree = "<group>"; };
		C226047B1845299700F5B2F3 /* SavedUsersViewController.h */ = {isa = PBXFileReference; fileEncoding = 4; lastKnownFileType = sourcecode.c.h; path = SavedUsersViewController.h; sourceTree = "<group>"; };
		C226047C1845299700F5B2F3 /* SavedUsersViewController.m */ = {isa = PBXFileReference; fileEncoding = 4; lastKnownFileType = sourcecode.c.objc; path = SavedUsersViewController.m; sourceTree = "<group>"; };
		C226047E184546EB00F5B2F3 /* SettingsTableViewController.h */ = {isa = PBXFileReference; fileEncoding = 4; lastKnownFileType = sourcecode.c.h; path = SettingsTableViewController.h; sourceTree = "<group>"; };
		C226047F184546EB00F5B2F3 /* SettingsTableViewController.m */ = {isa = PBXFileReference; fileEncoding = 4; lastKnownFileType = sourcecode.c.objc; path = SettingsTableViewController.m; sourceTree = "<group>"; };
		C2297ABB183E815C007D6B6E /* RememberMyName.app */ = {isa = PBXFileReference; explicitFileType = wrapper.application; includeInIndex = 0; path = RememberMyName.app; sourceTree = BUILT_PRODUCTS_DIR; };
		C2297ABE183E815C007D6B6E /* Foundation.framework */ = {isa = PBXFileReference; lastKnownFileType = wrapper.framework; name = Foundation.framework; path = System/Library/Frameworks/Foundation.framework; sourceTree = SDKROOT; };
		C2297AC0183E815C007D6B6E /* CoreGraphics.framework */ = {isa = PBXFileReference; lastKnownFileType = wrapper.framework; name = CoreGraphics.framework; path = System/Library/Frameworks/CoreGraphics.framework; sourceTree = SDKROOT; };
		C2297AC2183E815C007D6B6E /* UIKit.framework */ = {isa = PBXFileReference; lastKnownFileType = wrapper.framework; name = UIKit.framework; path = System/Library/Frameworks/UIKit.framework; sourceTree = SDKROOT; };
		C2297AC6183E815C007D6B6E /* RememberMyName-Info.plist */ = {isa = PBXFileReference; lastKnownFileType = text.plist.xml; path = "RememberMyName-Info.plist"; sourceTree = "<group>"; };
		C2297AC8183E815C007D6B6E /* en */ = {isa = PBXFileReference; lastKnownFileType = text.plist.strings; name = en; path = en.lproj/InfoPlist.strings; sourceTree = "<group>"; };
		C2297ACA183E815C007D6B6E /* main.m */ = {isa = PBXFileReference; lastKnownFileType = sourcecode.c.objc; path = main.m; sourceTree = "<group>"; };
		C2297ACC183E815C007D6B6E /* RememberMyName-Prefix.pch */ = {isa = PBXFileReference; lastKnownFileType = sourcecode.c.h; path = "RememberMyName-Prefix.pch"; sourceTree = "<group>"; };
		C2297ACD183E815C007D6B6E /* AppDelegate.h */ = {isa = PBXFileReference; lastKnownFileType = sourcecode.c.h; path = AppDelegate.h; sourceTree = "<group>"; };
		C2297ACE183E815C007D6B6E /* AppDelegate.m */ = {isa = PBXFileReference; lastKnownFileType = sourcecode.c.objc; path = AppDelegate.m; sourceTree = "<group>"; };
		C2297AD1183E815C007D6B6E /* Base */ = {isa = PBXFileReference; lastKnownFileType = file.storyboard; name = Base; path = Base.lproj/Main.storyboard; sourceTree = "<group>"; };
		C2297AD6183E815C007D6B6E /* Images.xcassets */ = {isa = PBXFileReference; lastKnownFileType = folder.assetcatalog; path = Images.xcassets; sourceTree = "<group>"; };
		C2297ADC183E815D007D6B6E /* RememberMyNameTests.xctest */ = {isa = PBXFileReference; explicitFileType = wrapper.cfbundle; includeInIndex = 0; path = RememberMyNameTests.xctest; sourceTree = BUILT_PRODUCTS_DIR; };
		C2297ADD183E815D007D6B6E /* XCTest.framework */ = {isa = PBXFileReference; lastKnownFileType = wrapper.framework; name = XCTest.framework; path = Library/Frameworks/XCTest.framework; sourceTree = DEVELOPER_DIR; };
		C2297AE5183E815D007D6B6E /* RememberMyNameTests-Info.plist */ = {isa = PBXFileReference; lastKnownFileType = text.plist.xml; path = "RememberMyNameTests-Info.plist"; sourceTree = "<group>"; };
		C2297AE7183E815D007D6B6E /* en */ = {isa = PBXFileReference; lastKnownFileType = text.plist.strings; name = en; path = en.lproj/InfoPlist.strings; sourceTree = "<group>"; };
		C2297AE9183E815D007D6B6E /* RememberMyNameTests.m */ = {isa = PBXFileReference; lastKnownFileType = sourcecode.c.objc; path = RememberMyNameTests.m; sourceTree = "<group>"; };
		C2297AF7183EA4BA007D6B6E /* AudioToolbox.framework */ = {isa = PBXFileReference; lastKnownFileType = wrapper.framework; name = AudioToolbox.framework; path = System/Library/Frameworks/AudioToolbox.framework; sourceTree = SDKROOT; };
		C2297AF9183EA4C2007D6B6E /* CFNetwork.framework */ = {isa = PBXFileReference; lastKnownFileType = wrapper.framework; name = CFNetwork.framework; path = System/Library/Frameworks/CFNetwork.framework; sourceTree = SDKROOT; };
		C2297AFB183EA4D2007D6B6E /* CoreLocation.framework */ = {isa = PBXFileReference; lastKnownFileType = wrapper.framework; name = CoreLocation.framework; path = System/Library/Frameworks/CoreLocation.framework; sourceTree = SDKROOT; };
		C2297AFD183EA4DD007D6B6E /* libz.1.1.3.dylib */ = {isa = PBXFileReference; lastKnownFileType = "compiled.mach-o.dylib"; name = libz.1.1.3.dylib; path = usr/lib/libz.1.1.3.dylib; sourceTree = SDKROOT; };
		C2297AFF183EA4E5007D6B6E /* MobileCoreServices.framework */ = {isa = PBXFileReference; lastKnownFileType = wrapper.framework; name = MobileCoreServices.framework; path = System/Library/Frameworks/MobileCoreServices.framework; sourceTree = SDKROOT; };
		C2297B01183EA4EC007D6B6E /* QuartzCore.framework */ = {isa = PBXFileReference; lastKnownFileType = wrapper.framework; name = QuartzCore.framework; path = System/Library/Frameworks/QuartzCore.framework; sourceTree = SDKROOT; };
		C2297B03183EA4F4007D6B6E /* Security.framework */ = {isa = PBXFileReference; lastKnownFileType = wrapper.framework; name = Security.framework; path = System/Library/Frameworks/Security.framework; sourceTree = SDKROOT; };
		C2297B05183EA4FC007D6B6E /* StoreKit.framework */ = {isa = PBXFileReference; lastKnownFileType = wrapper.framework; name = StoreKit.framework; path = System/Library/Frameworks/StoreKit.framework; sourceTree = SDKROOT; };
		C2297B07183EA506007D6B6E /* SystemConfiguration.framework */ = {isa = PBXFileReference; lastKnownFileType = wrapper.framework; name = SystemConfiguration.framework; path = System/Library/Frameworks/SystemConfiguration.framework; sourceTree = SDKROOT; };
		C2297B09183EAB70007D6B6E /* SplashScreenViewController.h */ = {isa = PBXFileReference; fileEncoding = 4; lastKnownFileType = sourcecode.c.h; path = SplashScreenViewController.h; sourceTree = "<group>"; };
		C2297B0A183EAB70007D6B6E /* SplashScreenViewController.m */ = {isa = PBXFileReference; fileEncoding = 4; lastKnownFileType = sourcecode.c.objc; path = SplashScreenViewController.m; sourceTree = "<group>"; };
		C2297B0C183EAD29007D6B6E /* LoginViewController.h */ = {isa = PBXFileReference; fileEncoding = 4; lastKnownFileType = sourcecode.c.h; path = LoginViewController.h; sourceTree = "<group>"; };
		C2297B0D183EAD29007D6B6E /* LoginViewController.m */ = {isa = PBXFileReference; fileEncoding = 4; lastKnownFileType = sourcecode.c.objc; path = LoginViewController.m; sourceTree = "<group>"; };
		C2297B0F183EB4F0007D6B6E /* NewAccountViewController.h */ = {isa = PBXFileReference; fileEncoding = 4; lastKnownFileType = sourcecode.c.h; path = NewAccountViewController.h; sourceTree = "<group>"; };
		C2297B10183EB4F0007D6B6E /* NewAccountViewController.m */ = {isa = PBXFileReference; fileEncoding = 4; lastKnownFileType = sourcecode.c.objc; path = NewAccountViewController.m; sourceTree = "<group>"; };
		C2F3E5FA183EC884004583D2 /* Parse.framework */ = {isa = PBXFileReference; lastKnownFileType = wrapper.framework; path = Parse.framework; sourceTree = "<group>"; };
		C2F3E5FC183ECCFC004583D2 /* CollectionViewCell.h */ = {isa = PBXFileReference; fileEncoding = 4; lastKnownFileType = sourcecode.c.h; path = CollectionViewCell.h; sourceTree = "<group>"; };
		C2F3E5FD183ECCFC004583D2 /* CollectionViewCell.m */ = {isa = PBXFileReference; fileEncoding = 4; lastKnownFileType = sourcecode.c.objc; path = CollectionViewCell.m; sourceTree = "<group>"; };
		C2FB56731846A3B500F8BB81 /* MyProfileTableViewController.h */ = {isa = PBXFileReference; fileEncoding = 4; lastKnownFileType = sourcecode.c.h; path = MyProfileTableViewController.h; sourceTree = "<group>"; };
		C2FB56741846A3B500F8BB81 /* MyProfileTableViewController.m */ = {isa = PBXFileReference; fileEncoding = 4; lastKnownFileType = sourcecode.c.objc; path = MyProfileTableViewController.m; sourceTree = "<group>"; };
		C2FB56761846A8BC00F8BB81 /* defaultPicture.png */ = {isa = PBXFileReference; lastKnownFileType = image.png; path = defaultPicture.png; sourceTree = "<group>"; };
/* End PBXFileReference section */

/* Begin PBXFrameworksBuildPhase section */
		C2297AB8183E815C007D6B6E /* Frameworks */ = {
			isa = PBXFrameworksBuildPhase;
			buildActionMask = 2147483647;
			files = (
				C2297B08183EA506007D6B6E /* SystemConfiguration.framework in Frameworks */,
				C2297B06183EA4FC007D6B6E /* StoreKit.framework in Frameworks */,
				C2297B04183EA4F4007D6B6E /* Security.framework in Frameworks */,
				C2297B02183EA4EC007D6B6E /* QuartzCore.framework in Frameworks */,
				C2297B00183EA4E5007D6B6E /* MobileCoreServices.framework in Frameworks */,
				C2297AFE183EA4DD007D6B6E /* libz.1.1.3.dylib in Frameworks */,
				C2F3E5FB183EC884004583D2 /* Parse.framework in Frameworks */,
				C2297AFC183EA4D2007D6B6E /* CoreLocation.framework in Frameworks */,
				C2297AC1183E815C007D6B6E /* CoreGraphics.framework in Frameworks */,
				C2297AFA183EA4C2007D6B6E /* CFNetwork.framework in Frameworks */,
				C2297AF8183EA4BA007D6B6E /* AudioToolbox.framework in Frameworks */,
				C2297AC3183E815C007D6B6E /* UIKit.framework in Frameworks */,
				C2297ABF183E815C007D6B6E /* Foundation.framework in Frameworks */,
			);
			runOnlyForDeploymentPostprocessing = 0;
		};
		C2297AD9183E815D007D6B6E /* Frameworks */ = {
			isa = PBXFrameworksBuildPhase;
			buildActionMask = 2147483647;
			files = (
				C2297ADE183E815D007D6B6E /* XCTest.framework in Frameworks */,
				C2297AE0183E815D007D6B6E /* UIKit.framework in Frameworks */,
				C2297ADF183E815D007D6B6E /* Foundation.framework in Frameworks */,
			);
			runOnlyForDeploymentPostprocessing = 0;
		};
/* End PBXFrameworksBuildPhase section */

/* Begin PBXGroup section */
		C22604771845193400F5B2F3 /* Pictures */ = {
			isa = PBXGroup;
			children = (
				C2FB56761846A8BC00F8BB81 /* defaultPicture.png */,
				C22604711844FD5200F5B2F3 /* threebars.png */,
				C226046F1844FD4B00F5B2F3 /* three-bars.png */,
			);
			name = Pictures;
			sourceTree = "<group>";
		};
		C2297AB2183E815C007D6B6E = {
			isa = PBXGroup;
			children = (
				C2297AC4183E815C007D6B6E /* RememberMyName */,
				C2297AE3183E815D007D6B6E /* RememberMyNameTests */,
				C2297ABD183E815C007D6B6E /* Frameworks */,
				C2297ABC183E815C007D6B6E /* Products */,
			);
			sourceTree = "<group>";
		};
		C2297ABC183E815C007D6B6E /* Products */ = {
			isa = PBXGroup;
			children = (
				C2297ABB183E815C007D6B6E /* RememberMyName.app */,
				C2297ADC183E815D007D6B6E /* RememberMyNameTests.xctest */,
			);
			name = Products;
			sourceTree = "<group>";
		};
		C2297ABD183E815C007D6B6E /* Frameworks */ = {
			isa = PBXGroup;
			children = (
				C2F3E5FA183EC884004583D2 /* Parse.framework */,
				C2297B07183EA506007D6B6E /* SystemConfiguration.framework */,
				C2297B05183EA4FC007D6B6E /* StoreKit.framework */,
				C2297B03183EA4F4007D6B6E /* Security.framework */,
				C2297B01183EA4EC007D6B6E /* QuartzCore.framework */,
				C2297AFF183EA4E5007D6B6E /* MobileCoreServices.framework */,
				C2297AFD183EA4DD007D6B6E /* libz.1.1.3.dylib */,
				C2297AFB183EA4D2007D6B6E /* CoreLocation.framework */,
				C2297AF9183EA4C2007D6B6E /* CFNetwork.framework */,
				C2297AF7183EA4BA007D6B6E /* AudioToolbox.framework */,
				C2297ABE183E815C007D6B6E /* Foundation.framework */,
				C2297AC0183E815C007D6B6E /* CoreGraphics.framework */,
				C2297AC2183E815C007D6B6E /* UIKit.framework */,
				C2297ADD183E815D007D6B6E /* XCTest.framework */,
			);
			name = Frameworks;
			sourceTree = "<group>";
		};
		C2297AC4183E815C007D6B6E /* RememberMyName */ = {
			isa = PBXGroup;
			children = (
				C2297AD0183E815C007D6B6E /* Main.storyboard */,
				C2297ACD183E815C007D6B6E /* AppDelegate.h */,
				C2297ACE183E815C007D6B6E /* AppDelegate.m */,
				C2297AF3183E86A0007D6B6E /* ViewControllers */,
				C2297AF4183E982F007D6B6E /* Classes */,
				C22604771845193400F5B2F3 /* Pictures */,
				C2297AD6183E815C007D6B6E /* Images.xcassets */,
				C2297AC5183E815C007D6B6E /* Supporting Files */,
			);
			path = RememberMyName;
			sourceTree = "<group>";
		};
		C2297AC5183E815C007D6B6E /* Supporting Files */ = {
			isa = PBXGroup;
			children = (
				C2297AC6183E815C007D6B6E /* RememberMyName-Info.plist */,
				C2297AC7183E815C007D6B6E /* InfoPlist.strings */,
				C2297ACA183E815C007D6B6E /* main.m */,
				C2297ACC183E815C007D6B6E /* RememberMyName-Prefix.pch */,
			);
			name = "Supporting Files";
			sourceTree = "<group>";
		};
		C2297AE3183E815D007D6B6E /* RememberMyNameTests */ = {
			isa = PBXGroup;
			children = (
				C2297AE9183E815D007D6B6E /* RememberMyNameTests.m */,
				C2297AE4183E815D007D6B6E /* Supporting Files */,
			);
			path = RememberMyNameTests;
			sourceTree = "<group>";
		};
		C2297AE4183E815D007D6B6E /* Supporting Files */ = {
			isa = PBXGroup;
			children = (
				C2297AE5183E815D007D6B6E /* RememberMyNameTests-Info.plist */,
				C2297AE6183E815D007D6B6E /* InfoPlist.strings */,
			);
			name = "Supporting Files";
			sourceTree = "<group>";
		};
		C2297AF3183E86A0007D6B6E /* ViewControllers */ = {
			isa = PBXGroup;
			children = (
				C2297B09183EAB70007D6B6E /* SplashScreenViewController.h */,
				C2297B0A183EAB70007D6B6E /* SplashScreenViewController.m */,
				C2297B0D183EAD29007D6B6E /* LoginViewController.m */,
				C2297B0C183EAD29007D6B6E /* LoginViewController.h */,
				C2FB56731846A3B500F8BB81 /* MyProfileTableViewController.h */,
				C2FB56741846A3B500F8BB81 /* MyProfileTableViewController.m */,
				C2297B0F183EB4F0007D6B6E /* NewAccountViewController.h */,
				C2297B10183EB4F0007D6B6E /* NewAccountViewController.m */,
				C226046C1844FBEC00F5B2F3 /* MainViewController.h */,
				C226046D1844FBEC00F5B2F3 /* MainViewController.m */,
				C226047E184546EB00F5B2F3 /* SettingsTableViewController.h */,
				C226047F184546EB00F5B2F3 /* SettingsTableViewController.m */,
				C226047B1845299700F5B2F3 /* SavedUsersViewController.h */,
				C226047C1845299700F5B2F3 /* SavedUsersViewController.m */,
			);
			name = ViewControllers;
			sourceTree = "<group>";
		};
		C2297AF4183E982F007D6B6E /* Classes */ = {
			isa = PBXGroup;
			children = (
				C22604731845191600F5B2F3 /* LeftToRightSegue.h */,
				C22604741845191600F5B2F3 /* LeftToRightSegue.m */,
				C2F3E5FC183ECCFC004583D2 /* CollectionViewCell.h */,
				C2F3E5FD183ECCFC004583D2 /* CollectionViewCell.m */,
			);
			name = Classes;
			sourceTree = "<group>";
		};
/* End PBXGroup section */

/* Begin PBXNativeTarget section */
		C2297ABA183E815C007D6B6E /* RememberMyName */ = {
			isa = PBXNativeTarget;
			buildConfigurationList = C2297AED183E815D007D6B6E /* Build configuration list for PBXNativeTarget "RememberMyName" */;
			buildPhases = (
				C2297AB7183E815C007D6B6E /* Sources */,
				C2297AB8183E815C007D6B6E /* Frameworks */,
				C2297AB9183E815C007D6B6E /* Resources */,
			);
			buildRules = (
			);
			dependencies = (
			);
			name = RememberMyName;
			productName = RememberMyName;
			productReference = C2297ABB183E815C007D6B6E /* RememberMyName.app */;
			productType = "com.apple.product-type.application";
		};
		C2297ADB183E815D007D6B6E /* RememberMyNameTests */ = {
			isa = PBXNativeTarget;
			buildConfigurationList = C2297AF0183E815D007D6B6E /* Build configuration list for PBXNativeTarget "RememberMyNameTests" */;
			buildPhases = (
				C2297AD8183E815D007D6B6E /* Sources */,
				C2297AD9183E815D007D6B6E /* Frameworks */,
				C2297ADA183E815D007D6B6E /* Resources */,
			);
			buildRules = (
			);
			dependencies = (
				C2297AE2183E815D007D6B6E /* PBXTargetDependency */,
			);
			name = RememberMyNameTests;
			productName = RememberMyNameTests;
			productReference = C2297ADC183E815D007D6B6E /* RememberMyNameTests.xctest */;
			productType = "com.apple.product-type.bundle.unit-test";
		};
/* End PBXNativeTarget section */

/* Begin PBXProject section */
		C2297AB3183E815C007D6B6E /* Project object */ = {
			isa = PBXProject;
			attributes = {
				LastUpgradeCheck = 0500;
				ORGANIZATIONNAME = Dnlbldwn;
				TargetAttributes = {
					C2297ADB183E815D007D6B6E = {
						TestTargetID = C2297ABA183E815C007D6B6E;
					};
				};
			};
			buildConfigurationList = C2297AB6183E815C007D6B6E /* Build configuration list for PBXProject "RememberMyName" */;
			compatibilityVersion = "Xcode 3.2";
			developmentRegion = English;
			hasScannedForEncodings = 0;
			knownRegions = (
				en,
				Base,
			);
			mainGroup = C2297AB2183E815C007D6B6E;
			productRefGroup = C2297ABC183E815C007D6B6E /* Products */;
			projectDirPath = "";
			projectRoot = "";
			targets = (
				C2297ABA183E815C007D6B6E /* RememberMyName */,
				C2297ADB183E815D007D6B6E /* RememberMyNameTests */,
			);
		};
/* End PBXProject section */

/* Begin PBXResourcesBuildPhase section */
		C2297AB9183E815C007D6B6E /* Resources */ = {
			isa = PBXResourcesBuildPhase;
			buildActionMask = 2147483647;
			files = (
				C2FB56771846A8BC00F8BB81 /* defaultPicture.png in Resources */,
				C2297AD7183E815C007D6B6E /* Images.xcassets in Resources */,
				C2297AC9183E815C007D6B6E /* InfoPlist.strings in Resources */,
				C22604721844FD5200F5B2F3 /* threebars.png in Resources */,
				C22604701844FD4B00F5B2F3 /* three-bars.png in Resources */,
				C2297AD2183E815C007D6B6E /* Main.storyboard in Resources */,
			);
			runOnlyForDeploymentPostprocessing = 0;
		};
		C2297ADA183E815D007D6B6E /* Resources */ = {
			isa = PBXResourcesBuildPhase;
			buildActionMask = 2147483647;
			files = (
				C2297AE8183E815D007D6B6E /* InfoPlist.strings in Resources */,
			);
			runOnlyForDeploymentPostprocessing = 0;
		};
/* End PBXResourcesBuildPhase section */

/* Begin PBXSourcesBuildPhase section */
		C2297AB7183E815C007D6B6E /* Sources */ = {
			isa = PBXSourcesBuildPhase;
			buildActionMask = 2147483647;
			files = (
				C2FB56751846A3B500F8BB81 /* MyProfileTableViewController.m in Sources */,
				C22604751845191600F5B2F3 /* LeftToRightSegue.m in Sources */,
				C2297B11183EB4F0007D6B6E /* NewAccountViewController.m in Sources */,
				C2260480184546EB00F5B2F3 /* SettingsTableViewController.m in Sources */,
				C2297B0B183EAB70007D6B6E /* SplashScreenViewController.m in Sources */,
				C226046E1844FBEC00F5B2F3 /* MainViewController.m in Sources */,
				C2297ACF183E815C007D6B6E /* AppDelegate.m in Sources */,
				C2297ACB183E815C007D6B6E /* main.m in Sources */,
				C2F3E5FE183ECCFC004583D2 /* CollectionViewCell.m in Sources */,
				C2297B0E183EAD29007D6B6E /* LoginViewController.m in Sources */,
				C226047D1845299700F5B2F3 /* SavedUsersViewController.m in Sources */,
			);
			runOnlyForDeploymentPostprocessing = 0;
		};
		C2297AD8183E815D007D6B6E /* Sources */ = {
			isa = PBXSourcesBuildPhase;
			buildActionMask = 2147483647;
			files = (
				C2297AEA183E815D007D6B6E /* RememberMyNameTests.m in Sources */,
			);
			runOnlyForDeploymentPostprocessing = 0;
		};
/* End PBXSourcesBuildPhase section */

/* Begin PBXTargetDependency section */
		C2297AE2183E815D007D6B6E /* PBXTargetDependency */ = {
			isa = PBXTargetDependency;
			target = C2297ABA183E815C007D6B6E /* RememberMyName */;
			targetProxy = C2297AE1183E815D007D6B6E /* PBXContainerItemProxy */;
		};
/* End PBXTargetDependency section */

/* Begin PBXVariantGroup section */
		C2297AC7183E815C007D6B6E /* InfoPlist.strings */ = {
			isa = PBXVariantGroup;
			children = (
				C2297AC8183E815C007D6B6E /* en */,
			);
			name = InfoPlist.strings;
			sourceTree = "<group>";
		};
		C2297AD0183E815C007D6B6E /* Main.storyboard */ = {
			isa = PBXVariantGroup;
			children = (
				C2297AD1183E815C007D6B6E /* Base */,
			);
			name = Main.storyboard;
			sourceTree = "<group>";
		};
		C2297AE6183E815D007D6B6E /* InfoPlist.strings */ = {
			isa = PBXVariantGroup;
			children = (
				C2297AE7183E815D007D6B6E /* en */,
			);
			name = InfoPlist.strings;
			sourceTree = "<group>";
		};
/* End PBXVariantGroup section */

/* Begin XCBuildConfiguration section */
		C2297AEB183E815D007D6B6E /* Debug */ = {
			isa = XCBuildConfiguration;
			buildSettings = {
				ALWAYS_SEARCH_USER_PATHS = NO;
				ARCHS = "$(ARCHS_STANDARD_INCLUDING_64_BIT)";
				CLANG_CXX_LANGUAGE_STANDARD = "gnu++0x";
				CLANG_CXX_LIBRARY = "libc++";
				CLANG_ENABLE_MODULES = YES;
				CLANG_ENABLE_OBJC_ARC = YES;
				CLANG_WARN_BOOL_CONVERSION = YES;
				CLANG_WARN_CONSTANT_CONVERSION = YES;
				CLANG_WARN_DIRECT_OBJC_ISA_USAGE = YES_ERROR;
				CLANG_WARN_EMPTY_BODY = YES;
				CLANG_WARN_ENUM_CONVERSION = YES;
				CLANG_WARN_INT_CONVERSION = YES;
				CLANG_WARN_OBJC_ROOT_CLASS = YES_ERROR;
				CLANG_WARN__DUPLICATE_METHOD_MATCH = YES;
				"CODE_SIGN_IDENTITY[sdk=iphoneos*]" = "iPhone Developer";
				COPY_PHASE_STRIP = NO;
				GCC_C_LANGUAGE_STANDARD = gnu99;
				GCC_DYNAMIC_NO_PIC = NO;
				GCC_OPTIMIZATION_LEVEL = 0;
				GCC_PREPROCESSOR_DEFINITIONS = (
					"DEBUG=1",
					"$(inherited)",
				);
				GCC_SYMBOLS_PRIVATE_EXTERN = NO;
				GCC_WARN_64_TO_32_BIT_CONVERSION = YES;
				GCC_WARN_ABOUT_RETURN_TYPE = YES_ERROR;
				GCC_WARN_UNDECLARED_SELECTOR = YES;
				GCC_WARN_UNINITIALIZED_AUTOS = YES;
				GCC_WARN_UNUSED_FUNCTION = YES;
				GCC_WARN_UNUSED_VARIABLE = YES;
				IPHONEOS_DEPLOYMENT_TARGET = 7.0;
				ONLY_ACTIVE_ARCH = YES;
				SDKROOT = iphoneos;
			};
			name = Debug;
		};
		C2297AEC183E815D007D6B6E /* Release */ = {
			isa = XCBuildConfiguration;
			buildSettings = {
				ALWAYS_SEARCH_USER_PATHS = NO;
				ARCHS = "$(ARCHS_STANDARD_INCLUDING_64_BIT)";
				CLANG_CXX_LANGUAGE_STANDARD = "gnu++0x";
				CLANG_CXX_LIBRARY = "libc++";
				CLANG_ENABLE_MODULES = YES;
				CLANG_ENABLE_OBJC_ARC = YES;
				CLANG_WARN_BOOL_CONVERSION = YES;
				CLANG_WARN_CONSTANT_CONVERSION = YES;
				CLANG_WARN_DIRECT_OBJC_ISA_USAGE = YES_ERROR;
				CLANG_WARN_EMPTY_BODY = YES;
				CLANG_WARN_ENUM_CONVERSION = YES;
				CLANG_WARN_INT_CONVERSION = YES;
				CLANG_WARN_OBJC_ROOT_CLASS = YES_ERROR;
				CLANG_WARN__DUPLICATE_METHOD_MATCH = YES;
				"CODE_SIGN_IDENTITY[sdk=iphoneos*]" = "iPhone Developer";
				COPY_PHASE_STRIP = YES;
				ENABLE_NS_ASSERTIONS = NO;
				GCC_C_LANGUAGE_STANDARD = gnu99;
				GCC_WARN_64_TO_32_BIT_CONVERSION = YES;
				GCC_WARN_ABOUT_RETURN_TYPE = YES_ERROR;
				GCC_WARN_UNDECLARED_SELECTOR = YES;
				GCC_WARN_UNINITIALIZED_AUTOS = YES;
				GCC_WARN_UNUSED_FUNCTION = YES;
				GCC_WARN_UNUSED_VARIABLE = YES;
				IPHONEOS_DEPLOYMENT_TARGET = 7.0;
				SDKROOT = iphoneos;
				VALIDATE_PRODUCT = YES;
			};
			name = Release;
		};
		C2297AEE183E815D007D6B6E /* Debug */ = {
			isa = XCBuildConfiguration;
			buildSettings = {
				ASSETCATALOG_COMPILER_APPICON_NAME = AppIcon;
				ASSETCATALOG_COMPILER_LAUNCHIMAGE_NAME = LaunchImage;
				FRAMEWORK_SEARCH_PATHS = (
					"$(inherited)",
					/Users/danielbaldwin/Dropbox/RememberMyName,
				);
				GCC_PRECOMPILE_PREFIX_HEADER = YES;
				GCC_PREFIX_HEADER = "RememberMyName/RememberMyName-Prefix.pch";
				INFOPLIST_FILE = "RememberMyName/RememberMyName-Info.plist";
				PRODUCT_NAME = "$(TARGET_NAME)";
				WRAPPER_EXTENSION = app;
			};
			name = Debug;
		};
		C2297AEF183E815D007D6B6E /* Release */ = {
			isa = XCBuildConfiguration;
			buildSettings = {
				ASSETCATALOG_COMPILER_APPICON_NAME = AppIcon;
				ASSETCATALOG_COMPILER_LAUNCHIMAGE_NAME = LaunchImage;
				FRAMEWORK_SEARCH_PATHS = (
					"$(inherited)",
					/Users/danielbaldwin/Dropbox/RememberMyName,
				);
				GCC_PRECOMPILE_PREFIX_HEADER = YES;
				GCC_PREFIX_HEADER = "RememberMyName/RememberMyName-Prefix.pch";
				INFOPLIST_FILE = "RememberMyName/RememberMyName-Info.plist";
				PRODUCT_NAME = "$(TARGET_NAME)";
				WRAPPER_EXTENSION = app;
			};
			name = Release;
		};
		C2297AF1183E815D007D6B6E /* Debug */ = {
			isa = XCBuildConfiguration;
			buildSettings = {
				ARCHS = "$(ARCHS_STANDARD_INCLUDING_64_BIT)";
				BUNDLE_LOADER = "$(BUILT_PRODUCTS_DIR)/RememberMyName.app/RememberMyName";
				FRAMEWORK_SEARCH_PATHS = (
					"$(SDKROOT)/Developer/Library/Frameworks",
					"$(inherited)",
					"$(DEVELOPER_FRAMEWORKS_DIR)",
				);
				GCC_PRECOMPILE_PREFIX_HEADER = YES;
				GCC_PREFIX_HEADER = "RememberMyName/RememberMyName-Prefix.pch";
				GCC_PREPROCESSOR_DEFINITIONS = (
					"DEBUG=1",
					"$(inherited)",
				);
				INFOPLIST_FILE = "RememberMyNameTests/RememberMyNameTests-Info.plist";
				PRODUCT_NAME = "$(TARGET_NAME)";
				TEST_HOST = "$(BUNDLE_LOADER)";
				WRAPPER_EXTENSION = xctest;
			};
			name = Debug;
		};
		C2297AF2183E815D007D6B6E /* Release */ = {
			isa = XCBuildConfiguration;
			buildSettings = {
				ARCHS = "$(ARCHS_STANDARD_INCLUDING_64_BIT)";
				BUNDLE_LOADER = "$(BUILT_PRODUCTS_DIR)/RememberMyName.app/RememberMyName";
				FRAMEWORK_SEARCH_PATHS = (
					"$(SDKROOT)/Developer/Library/Frameworks",
					"$(inherited)",
					"$(DEVELOPER_FRAMEWORKS_DIR)",
				);
				GCC_PRECOMPILE_PREFIX_HEADER = YES;
				GCC_PREFIX_HEADER = "RememberMyName/RememberMyName-Prefix.pch";
				INFOPLIST_FILE = "RememberMyNameTests/RememberMyNameTests-Info.plist";
				PRODUCT_NAME = "$(TARGET_NAME)";
				TEST_HOST = "$(BUNDLE_LOADER)";
				WRAPPER_EXTENSION = xctest;
			};
			name = Release;
		};
/* End XCBuildConfiguration section */

/* Begin XCConfigurationList section */
		C2297AB6183E815C007D6B6E /* Build configuration list for PBXProject "RememberMyName" */ = {
			isa = XCConfigurationList;
			buildConfigurations = (
				C2297AEB183E815D007D6B6E /* Debug */,
				C2297AEC183E815D007D6B6E /* Release */,
			);
			defaultConfigurationIsVisible = 0;
			defaultConfigurationName = Release;
		};
		C2297AED183E815D007D6B6E /* Build configuration list for PBXNativeTarget "RememberMyName" */ = {
			isa = XCConfigurationList;
			buildConfigurations = (
				C2297AEE183E815D007D6B6E /* Debug */,
				C2297AEF183E815D007D6B6E /* Release */,
			);
			defaultConfigurationIsVisible = 0;
			defaultConfigurationName = Release;
		};
		C2297AF0183E815D007D6B6E /* Build configuration list for PBXNativeTarget "RememberMyNameTests" */ = {
			isa = XCConfigurationList;
			buildConfigurations = (
				C2297AF1183E815D007D6B6E /* Debug */,
				C2297AF2183E815D007D6B6E /* Release */,
			);
			defaultConfigurationIsVisible = 0;
			defaultConfigurationName = Release;
		};
/* End XCConfigurationList section */
	};
	rootObject = C2297AB3183E815C007D6B6E /* Project object */;
}
